
Microsoft Visual Studio Solution File, Format Version 12.00
# Visual Studio Version 16
VisualStudioVersion = 16.0.31004.235
MinimumVisualStudioVersion = 10.0.40219.1
Project("{9A19103F-16F7-4668-BE54-9A1E7A4F7556}") = "TrueFriendsDotNet", "TrueFriendsDotNet\TrueFriendsDotNet.csproj", "{5B3F8325-7937-4695-81CB-76E5C8606039}"
EndProject
Project("{9A19103F-16F7-4668-BE54-9A1E7A4F7556}") = "TrueFriendsDotNet.DataAccess", "TrueFriendsDotNet.DataAccess\TrueFriendsDotNet.DataAccess.csproj", "{1599DA31-2326-4AAB-A935-6F5111202C25}"
EndProject
Project("{9A19103F-16F7-4668-BE54-9A1E7A4F7556}") = "TrueFriendsDotNet.Models", "TrueFriendsDotNet.Models\TrueFriendsDotNet.Models.csproj", "{51911337-B2AB-42F9-A2D6-7A8614509940}"
EndProject
Project("{9A19103F-16F7-4668-BE54-9A1E7A4F7556}") = "TrueFriendsDotNet.Utility", "TrueFriendsDotNet.Utility\TrueFriendsDotNet.Utility.csproj", "{41131708-3ECC-4E44-AE4D-38536848E8F2}"
EndProject
Global
	GlobalSection(SolutionConfigurationPlatforms) = preSolution
		Debug|Any CPU = Debug|Any CPU
		Release|Any CPU = Release|Any CPU
	EndGlobalSection
	GlobalSection(ProjectConfigurationPlatforms) = postSolution
		{5B3F8325-7937-4695-81CB-76E5C8606039}.Debug|Any CPU.ActiveCfg = Debug|Any CPU
		{5B3F8325-7937-4695-81CB-76E5C8606039}.Debug|Any CPU.Build.0 = Debug|Any CPU
		{5B3F8325-7937-4695-81CB-76E5C8606039}.Release|Any CPU.ActiveCfg = Release|Any CPU
		{5B3F8325-7937-4695-81CB-76E5C8606039}.Release|Any CPU.Build.0 = Release|Any CPU
		{1599DA31-2326-4AAB-A935-6F5111202C25}.Debug|Any CPU.ActiveCfg = Debug|Any CPU
		{1599DA31-2326-4AAB-A935-6F5111202C25}.Debug|Any CPU.Build.0 = Debug|Any CPU
		{1599DA31-2326-4AAB-A935-6F5111202C25}.Release|Any CPU.ActiveCfg = Release|Any CPU
		{1599DA31-2326-4AAB-A935-6F5111202C25}.Release|Any CPU.Build.0 = Release|Any CPU
		{51911337-B2AB-42F9-A2D6-7A8614509940}.Debug|Any CPU.ActiveCfg = Debug|Any CPU
		{51911337-B2AB-42F9-A2D6-7A8614509940}.Debug|Any CPU.Build.0 = Debug|Any CPU
		{51911337-B2AB-42F9-A2D6-7A8614509940}.Release|Any CPU.ActiveCfg = Release|Any CPU
		{51911337-B2AB-42F9-A2D6-7A8614509940}.Release|Any CPU.Build.0 = Release|Any CPU
		{41131708-3ECC-4E44-AE4D-38536848E8F2}.Debug|Any CPU.ActiveCfg = Debug|Any CPU
		{41131708-3ECC-4E44-AE4D-38536848E8F2}.Debug|Any CPU.Build.0 = Debug|Any CPU
		{41131708-3ECC-4E44-AE4D-38536848E8F2}.Release|Any CPU.ActiveCfg = Release|Any CPU
		{41131708-3ECC-4E44-AE4D-38536848E8F2}.Release|Any CPU.Build.0 = Release|Any CPU
	EndGlobalSection
	GlobalSection(SolutionProperties) = preSolution
		HideSolutionNode = FALSE
	EndGlobalSection
	GlobalSection(ExtensibilityGlobals) = postSolution
		SolutionGuid = {4B680BB3-8426-4B09-A4A1-0A11F608B0D5}
	EndGlobalSection
EndGlobal
